
Microsoft Visual Studio Solution File, Format Version 12.00
# Visual Studio Version 17
VisualStudioVersion = 17.5.002.0
MinimumVisualStudioVersion = 10.0.40219.1
Project("{9A19103F-16F7-4668-BE54-9A1E7A4F7556}") = "AddToCartService", "AddToCartService\AddToCartService.csproj", "{3FBDB0AC-F315-47BD-A383-25329406643D}"
EndProject
Project("{9A19103F-16F7-4668-BE54-9A1E7A4F7556}") = "InventoryService", "InventoryService\InventoryService.csproj", "{1C633F66-A2B2-4DB8-A4CE-60C7FC06E3D8}"
EndProject
Global
	GlobalSection(SolutionConfigurationPlatforms) = preSolution
		Debug|Any CPU = Debug|Any CPU
		Release|Any CPU = Release|Any CPU
	EndGlobalSection
	GlobalSection(ProjectConfigurationPlatforms) = postSolution
		{3FBDB0AC-F315-47BD-A383-25329406643D}.Debug|Any CPU.ActiveCfg = Debug|Any CPU
		{3FBDB0AC-F315-47BD-A383-25329406643D}.Debug|Any CPU.Build.0 = Debug|Any CPU
		{3FBDB0AC-F315-47BD-A383-25329406643D}.Release|Any CPU.ActiveCfg = Release|Any CPU
		{3FBDB0AC-F315-47BD-A383-25329406643D}.Release|Any CPU.Build.0 = Release|Any CPU
		{1C633F66-A2B2-4DB8-A4CE-60C7FC06E3D8}.Debug|Any CPU.ActiveCfg = Debug|Any CPU
		{1C633F66-A2B2-4DB8-A4CE-60C7FC06E3D8}.Debug|Any CPU.Build.0 = Debug|Any CPU
		{1C633F66-A2B2-4DB8-A4CE-60C7FC06E3D8}.Release|Any CPU.ActiveCfg = Release|Any CPU
		{1C633F66-A2B2-4DB8-A4CE-60C7FC06E3D8}.Release|Any CPU.Build.0 = Release|Any CPU
	EndGlobalSection
	GlobalSection(SolutionProperties) = preSolution
		HideSolutionNode = FALSE
	EndGlobalSection
	GlobalSection(ExtensibilityGlobals) = postSolution
		SolutionGuid = {92F5871D-2241-4B01-A4CD-9579415CF5FD}
	EndGlobalSection
EndGlobal
