
Microsoft Visual Studio Solution File, Format Version 12.00
# Visual Studio Version 17
VisualStudioVersion = 17.5.002.0
MinimumVisualStudioVersion = 10.0.40219.1
Project("{9A19103F-16F7-4668-BE54-9A1E7A4F7556}") = "NewTask", "NewTask\NewTask.csproj", "{9927A2A4-4789-4F2C-A90F-E9F6A1EAAE88}"
EndProject
Project("{9A19103F-16F7-4668-BE54-9A1E7A4F7556}") = "Worker", "Worker\Worker.csproj", "{DABF0962-0E51-4C97-9C05-026282BC6404}"
EndProject
Global
	GlobalSection(SolutionConfigurationPlatforms) = preSolution
		Debug|Any CPU = Debug|Any CPU
		Release|Any CPU = Release|Any CPU
	EndGlobalSection
	GlobalSection(ProjectConfigurationPlatforms) = postSolution
		{9927A2A4-4789-4F2C-A90F-E9F6A1EAAE88}.Debug|Any CPU.ActiveCfg = Debug|Any CPU
		{9927A2A4-4789-4F2C-A90F-E9F6A1EAAE88}.Debug|Any CPU.Build.0 = Debug|Any CPU
		{9927A2A4-4789-4F2C-A90F-E9F6A1EAAE88}.Release|Any CPU.ActiveCfg = Release|Any CPU
		{9927A2A4-4789-4F2C-A90F-E9F6A1EAAE88}.Release|Any CPU.Build.0 = Release|Any CPU
		{DABF0962-0E51-4C97-9C05-026282BC6404}.Debug|Any CPU.ActiveCfg = Debug|Any CPU
		{DABF0962-0E51-4C97-9C05-026282BC6404}.Debug|Any CPU.Build.0 = Debug|Any CPU
		{DABF0962-0E51-4C97-9C05-026282BC6404}.Release|Any CPU.ActiveCfg = Release|Any CPU
		{DABF0962-0E51-4C97-9C05-026282BC6404}.Release|Any CPU.Build.0 = Release|Any CPU
	EndGlobalSection
	GlobalSection(SolutionProperties) = preSolution
		HideSolutionNode = FALSE
	EndGlobalSection
	GlobalSection(ExtensibilityGlobals) = postSolution
		SolutionGuid = {B3A3AF68-7AC8-43F8-880A-ED305A63B146}
	EndGlobalSection
EndGlobal
